
Microsoft Visual Studio Solution File, Format Version 12.00
# Visual Studio 14
VisualStudioVersion = 14.0.24720.0
MinimumVisualStudioVersion = 10.0.40219.1
Project("{FAE04EC0-301F-11D3-BF4B-00C04F79EFBC}") = "JSKR.FileWatcherSystem", "FileWatcherSystem\JSKR.FileWatcherSystem.csproj", "{F54EC1B5-A7B2-4FC7-93A5-62D51251A92A}"
EndProject
Project("{FAE04EC0-301F-11D3-BF4B-00C04F79EFBC}") = "JSKR.WatcherHelper", "WatcherHelper\JSKR.WatcherHelper.csproj", "{EC4D2BA8-D03D-4349-8BBD-656EDEF5967E}"
EndProject
Global
	GlobalSection(SolutionConfigurationPlatforms) = preSolution
		Debug|Any CPU = Debug|Any CPU
		Release|Any CPU = Release|Any CPU
	EndGlobalSection
	GlobalSection(ProjectConfigurationPlatforms) = postSolution
		{F54EC1B5-A7B2-4FC7-93A5-62D51251A92A}.Debug|Any CPU.ActiveCfg = Debug|Any CPU
		{F54EC1B5-A7B2-4FC7-93A5-62D51251A92A}.Debug|Any CPU.Build.0 = Debug|Any CPU
		{F54EC1B5-A7B2-4FC7-93A5-62D51251A92A}.Release|Any CPU.ActiveCfg = Release|Any CPU
		{F54EC1B5-A7B2-4FC7-93A5-62D51251A92A}.Release|Any CPU.Build.0 = Release|Any CPU
		{EC4D2BA8-D03D-4349-8BBD-656EDEF5967E}.Debug|Any CPU.ActiveCfg = Debug|Any CPU
		{EC4D2BA8-D03D-4349-8BBD-656EDEF5967E}.Debug|Any CPU.Build.0 = Debug|Any CPU
		{EC4D2BA8-D03D-4349-8BBD-656EDEF5967E}.Release|Any CPU.ActiveCfg = Release|Any CPU
		{EC4D2BA8-D03D-4349-8BBD-656EDEF5967E}.Release|Any CPU.Build.0 = Release|Any CPU
	EndGlobalSection
	GlobalSection(SolutionProperties) = preSolution
		HideSolutionNode = FALSE
	EndGlobalSection
EndGlobal
